
Microsoft Visual Studio Solution File, Format Version 11.00
# Visual Studio 2010
Project("{2150E333-8FDC-42A3-9474-1A3956D46DE8}") = "Presentation", "Presentation", "{23A7E2C2-405F-4B85-99B9-8191F605783E}"
EndProject
Project("{2150E333-8FDC-42A3-9474-1A3956D46DE8}") = "Business", "Business", "{AA0A6066-D7E2-4232-B582-D303FD56FB2C}"
EndProject
Project("{2150E333-8FDC-42A3-9474-1A3956D46DE8}") = "Persistence", "Persistence", "{03573069-F769-4D97-A2E3-75BA3EBFBE5B}"
EndProject
Project("{2150E333-8FDC-42A3-9474-1A3956D46DE8}") = "Sources", "Sources", "{1F4A4AC3-73EE-4F2E-89DD-8BB9C7BFD7D8}"
EndProject
Project("{2150E333-8FDC-42A3-9474-1A3956D46DE8}") = "Setup", "Setup", "{D4AF9EBE-0F04-4182-8F5B-BE4C658143F4}"
	ProjectSection(SolutionItems) = preProject
		Leeme.txt = Leeme.txt
	EndProjectSection
EndProject
Project("{2150E333-8FDC-42A3-9474-1A3956D46DE8}") = "Database", "Database", "{5F064A68-3309-4F03-882F-7E43C3147A27}"
	ProjectSection(SolutionItems) = preProject
		CreateDatabase.sql = CreateDatabase.sql
		host.txt = host.txt
		InsertBasico.sql = InsertBasico.sql
	EndProjectSection
EndProject
Project("{2150E333-8FDC-42A3-9474-1A3956D46DE8}") = "Common", "Common", "{E2EE9F62-80C1-40C8-83B2-90174C670BE0}"
EndProject
Project("{FAE04EC0-301F-11D3-BF4B-00C04F79EFBC}") = "IndignaFwk.UI.Process", "IndignaFwk.UI.Process\IndignaFwk.UI.Process.csproj", "{E00590F0-59B7-47B4-8D13-F46651195D52}"
	ProjectSection(ProjectDependencies) = postProject
		{E1175273-AF17-491D-A622-BB1C8B021F9B} = {E1175273-AF17-491D-A622-BB1C8B021F9B}
	EndProjectSection
EndProject
Project("{FAE04EC0-301F-11D3-BF4B-00C04F79EFBC}") = "IndignaFwk.Business.Managers", "IndignaFwk.Business.Managers\IndignaFwk.Business.Managers.csproj", "{E7CB92AC-8983-43B1-A679-20467B2EE5DB}"
EndProject
Project("{FAE04EC0-301F-11D3-BF4B-00C04F79EFBC}") = "IndignaFwk.Business.Services", "IndignaFwk.Business.Services\IndignaFwk.Business.Services.csproj", "{E1175273-AF17-491D-A622-BB1C8B021F9B}"
	ProjectSection(ProjectDependencies) = postProject
		{86CD1C13-DE8F-4CEE-B5A9-7D280C8DC380} = {86CD1C13-DE8F-4CEE-B5A9-7D280C8DC380}
	EndProjectSection
EndProject
Project("{FAE04EC0-301F-11D3-BF4B-00C04F79EFBC}") = "IndignaFwk.Common", "IndignaFwk.Common\IndignaFwk.Common.csproj", "{86CD1C13-DE8F-4CEE-B5A9-7D280C8DC380}"
EndProject
Project("{FAE04EC0-301F-11D3-BF4B-00C04F79EFBC}") = "IndignaFwk.Persistence.DataAccess", "IndignaFwk.Persistence.DataAccess\IndignaFwk.Persistence.DataAccess.csproj", "{939458C8-1768-48C3-BB7F-CCAAEF6327CC}"
EndProject
Project("{FAE04EC0-301F-11D3-BF4B-00C04F79EFBC}") = "IndignaFwk.WPF.BackOffice", "IndignaFwk.WPF.BackOffice\IndignaFwk.WPF.BackOffice\IndignaFwk.WPF.BackOffice.csproj", "{C4A2D18F-40EF-412D-B682-873BAC227758}"
EndProject
Project("{FAE04EC0-301F-11D3-BF4B-00C04F79EFBC}") = "IndignaFwk.Web.FrontOffice", "IndignaFwk.Web.FrontOffice\IndignaFwk.Web.FrontOffice.csproj", "{4F2311FC-DD3E-4C05-BE34-BA01409FC013}"
	ProjectSection(ProjectDependencies) = postProject
		{E00590F0-59B7-47B4-8D13-F46651195D52} = {E00590F0-59B7-47B4-8D13-F46651195D52}
	EndProjectSection
EndProject
Project("{FAE04EC0-301F-11D3-BF4B-00C04F79EFBC}") = "GoogleMapsFlashInWpf", "GoogleMapsFlashInWpf\GoogleMapsFlashInWpf.csproj", "{10137A8C-0FEB-4006-B776-A83907E3F78D}"
EndProject
Project("{FAE04EC0-301F-11D3-BF4B-00C04F79EFBC}") = "IndignaFwk.Business.Agents", "IndignaFwk.Business.Agents\IndignaFwk.Business.Agents.csproj", "{8CCF2996-2876-4B4A-8CCC-62E224F4CAEC}"
EndProject
Project("{FAE04EC0-301F-11D3-BF4B-00C04F79EFBC}") = "IndignaFwk.WP7.WindowsPhoneApplication", "IndignaFwk.WP7.WindowsPhoneApplication\IndignaFwk.WP7.WindowsPhoneApplication.csproj", "{423FBDA3-C0B2-4DA2-9D40-E1918DCF52D4}"
EndProject
Project("{2150E333-8FDC-42A3-9474-1A3956D46DE8}") = "Models", "Models", "{49275DB3-1A35-48AC-B558-1B5C7D11ABDB}"
EndProject
Project("{F088123C-0E9E-452A-89E6-6BA2F21D5CAC}") = "IndignaFwk.Models", "IndignaFwk.Models\IndignaFwk.Models.modelproj", "{F93D73FC-77A8-4CB4-85CC-A4D0DF8F4726}"
EndProject
Global
	GlobalSection(SubversionScc) = preSolution
		Svn-Managed = True
		Manager = AnkhSVN - Subversion Support for Visual Studio
	EndGlobalSection
	GlobalSection(SolutionConfigurationPlatforms) = preSolution
		Debug|Any CPU = Debug|Any CPU
		Debug|Itanium = Debug|Itanium
		Debug|Mixed Platforms = Debug|Mixed Platforms
		Debug|x64 = Debug|x64
		Debug|x86 = Debug|x86
		Release|Any CPU = Release|Any CPU
		Release|Itanium = Release|Itanium
		Release|Mixed Platforms = Release|Mixed Platforms
		Release|x64 = Release|x64
		Release|x86 = Release|x86
	EndGlobalSection
	GlobalSection(ProjectConfigurationPlatforms) = postSolution
		{E00590F0-59B7-47B4-8D13-F46651195D52}.Debug|Any CPU.ActiveCfg = Debug|x86
		{E00590F0-59B7-47B4-8D13-F46651195D52}.Debug|Itanium.ActiveCfg = Debug|x86
		{E00590F0-59B7-47B4-8D13-F46651195D52}.Debug|Mixed Platforms.ActiveCfg = Debug|x86
		{E00590F0-59B7-47B4-8D13-F46651195D52}.Debug|Mixed Platforms.Build.0 = Debug|x86
		{E00590F0-59B7-47B4-8D13-F46651195D52}.Debug|x64.ActiveCfg = Debug|x86
		{E00590F0-59B7-47B4-8D13-F46651195D52}.Debug|x86.ActiveCfg = Debug|x86
		{E00590F0-59B7-47B4-8D13-F46651195D52}.Debug|x86.Build.0 = Debug|x86
		{E00590F0-59B7-47B4-8D13-F46651195D52}.Release|Any CPU.ActiveCfg = Release|x86
		{E00590F0-59B7-47B4-8D13-F46651195D52}.Release|Itanium.ActiveCfg = Release|x86
		{E00590F0-59B7-47B4-8D13-F46651195D52}.Release|Mixed Platforms.ActiveCfg = Release|x86
		{E00590F0-59B7-47B4-8D13-F46651195D52}.Release|Mixed Platforms.Build.0 = Release|x86
		{E00590F0-59B7-47B4-8D13-F46651195D52}.Release|x64.ActiveCfg = Release|x86
		{E00590F0-59B7-47B4-8D13-F46651195D52}.Release|x86.ActiveCfg = Release|x86
		{E00590F0-59B7-47B4-8D13-F46651195D52}.Release|x86.Build.0 = Release|x86
		{E7CB92AC-8983-43B1-A679-20467B2EE5DB}.Debug|Any CPU.ActiveCfg = Debug|x86
		{E7CB92AC-8983-43B1-A679-20467B2EE5DB}.Debug|Itanium.ActiveCfg = Debug|x86
		{E7CB92AC-8983-43B1-A679-20467B2EE5DB}.Debug|Mixed Platforms.ActiveCfg = Debug|x86
		{E7CB92AC-8983-43B1-A679-20467B2EE5DB}.Debug|Mixed Platforms.Build.0 = Debug|x86
		{E7CB92AC-8983-43B1-A679-20467B2EE5DB}.Debug|x64.ActiveCfg = Debug|x86
		{E7CB92AC-8983-43B1-A679-20467B2EE5DB}.Debug|x86.ActiveCfg = Debug|x86
		{E7CB92AC-8983-43B1-A679-20467B2EE5DB}.Debug|x86.Build.0 = Debug|x86
		{E7CB92AC-8983-43B1-A679-20467B2EE5DB}.Release|Any CPU.ActiveCfg = Release|x86
		{E7CB92AC-8983-43B1-A679-20467B2EE5DB}.Release|Itanium.ActiveCfg = Release|x86
		{E7CB92AC-8983-43B1-A679-20467B2EE5DB}.Release|Mixed Platforms.ActiveCfg = Release|x86
		{E7CB92AC-8983-43B1-A679-20467B2EE5DB}.Release|Mixed Platforms.Build.0 = Release|x86
		{E7CB92AC-8983-43B1-A679-20467B2EE5DB}.Release|x64.ActiveCfg = Release|x86
		{E7CB92AC-8983-43B1-A679-20467B2EE5DB}.Release|x86.ActiveCfg = Release|x86
		{E7CB92AC-8983-43B1-A679-20467B2EE5DB}.Release|x86.Build.0 = Release|x86
		{E1175273-AF17-491D-A622-BB1C8B021F9B}.Debug|Any CPU.ActiveCfg = Debug|Any CPU
		{E1175273-AF17-491D-A622-BB1C8B021F9B}.Debug|Any CPU.Build.0 = Debug|Any CPU
		{E1175273-AF17-491D-A622-BB1C8B021F9B}.Debug|Itanium.ActiveCfg = Debug|Any CPU
		{E1175273-AF17-491D-A622-BB1C8B021F9B}.Debug|Mixed Platforms.ActiveCfg = Debug|Any CPU
		{E1175273-AF17-491D-A622-BB1C8B021F9B}.Debug|Mixed Platforms.Build.0 = Debug|Any CPU
		{E1175273-AF17-491D-A622-BB1C8B021F9B}.Debug|x64.ActiveCfg = Debug|Any CPU
		{E1175273-AF17-491D-A622-BB1C8B021F9B}.Debug|x86.ActiveCfg = Debug|Any CPU
		{E1175273-AF17-491D-A622-BB1C8B021F9B}.Release|Any CPU.ActiveCfg = Release|Any CPU
		{E1175273-AF17-491D-A622-BB1C8B021F9B}.Release|Any CPU.Build.0 = Release|Any CPU
		{E1175273-AF17-491D-A622-BB1C8B021F9B}.Release|Itanium.ActiveCfg = Release|Any CPU
		{E1175273-AF17-491D-A622-BB1C8B021F9B}.Release|Mixed Platforms.ActiveCfg = Release|Any CPU
		{E1175273-AF17-491D-A622-BB1C8B021F9B}.Release|Mixed Platforms.Build.0 = Release|Any CPU
		{E1175273-AF17-491D-A622-BB1C8B021F9B}.Release|x64.ActiveCfg = Release|Any CPU
		{E1175273-AF17-491D-A622-BB1C8B021F9B}.Release|x86.ActiveCfg = Release|Any CPU
		{86CD1C13-DE8F-4CEE-B5A9-7D280C8DC380}.Debug|Any CPU.ActiveCfg = Debug|x86
		{86CD1C13-DE8F-4CEE-B5A9-7D280C8DC380}.Debug|Itanium.ActiveCfg = Debug|x86
		{86CD1C13-DE8F-4CEE-B5A9-7D280C8DC380}.Debug|Mixed Platforms.ActiveCfg = Debug|x86
		{86CD1C13-DE8F-4CEE-B5A9-7D280C8DC380}.Debug|Mixed Platforms.Build.0 = Debug|x86
		{86CD1C13-DE8F-4CEE-B5A9-7D280C8DC380}.Debug|x64.ActiveCfg = Debug|x86
		{86CD1C13-DE8F-4CEE-B5A9-7D280C8DC380}.Debug|x86.ActiveCfg = Debug|x86
		{86CD1C13-DE8F-4CEE-B5A9-7D280C8DC380}.Debug|x86.Build.0 = Debug|x86
		{86CD1C13-DE8F-4CEE-B5A9-7D280C8DC380}.Release|Any CPU.ActiveCfg = Release|x86
		{86CD1C13-DE8F-4CEE-B5A9-7D280C8DC380}.Release|Itanium.ActiveCfg = Release|x86
		{86CD1C13-DE8F-4CEE-B5A9-7D280C8DC380}.Release|Mixed Platforms.ActiveCfg = Release|x86
		{86CD1C13-DE8F-4CEE-B5A9-7D280C8DC380}.Release|Mixed Platforms.Build.0 = Release|x86
		{86CD1C13-DE8F-4CEE-B5A9-7D280C8DC380}.Release|x64.ActiveCfg = Release|x86
		{86CD1C13-DE8F-4CEE-B5A9-7D280C8DC380}.Release|x86.ActiveCfg = Release|x86
		{86CD1C13-DE8F-4CEE-B5A9-7D280C8DC380}.Release|x86.Build.0 = Release|x86
		{939458C8-1768-48C3-BB7F-CCAAEF6327CC}.Debug|Any CPU.ActiveCfg = Debug|x86
		{939458C8-1768-48C3-BB7F-CCAAEF6327CC}.Debug|Itanium.ActiveCfg = Debug|x86
		{939458C8-1768-48C3-BB7F-CCAAEF6327CC}.Debug|Mixed Platforms.ActiveCfg = Debug|x86
		{939458C8-1768-48C3-BB7F-CCAAEF6327CC}.Debug|Mixed Platforms.Build.0 = Debug|x86
		{939458C8-1768-48C3-BB7F-CCAAEF6327CC}.Debug|x64.ActiveCfg = Debug|x86
		{939458C8-1768-48C3-BB7F-CCAAEF6327CC}.Debug|x86.ActiveCfg = Debug|x86
		{939458C8-1768-48C3-BB7F-CCAAEF6327CC}.Debug|x86.Build.0 = Debug|x86
		{939458C8-1768-48C3-BB7F-CCAAEF6327CC}.Release|Any CPU.ActiveCfg = Release|x86
		{939458C8-1768-48C3-BB7F-CCAAEF6327CC}.Release|Itanium.ActiveCfg = Release|x86
		{939458C8-1768-48C3-BB7F-CCAAEF6327CC}.Release|Mixed Platforms.ActiveCfg = Release|x86
		{939458C8-1768-48C3-BB7F-CCAAEF6327CC}.Release|Mixed Platforms.Build.0 = Release|x86
		{939458C8-1768-48C3-BB7F-CCAAEF6327CC}.Release|x64.ActiveCfg = Release|x86
		{939458C8-1768-48C3-BB7F-CCAAEF6327CC}.Release|x86.ActiveCfg = Release|x86
		{939458C8-1768-48C3-BB7F-CCAAEF6327CC}.Release|x86.Build.0 = Release|x86
		{C4A2D18F-40EF-412D-B682-873BAC227758}.Debug|Any CPU.ActiveCfg = Debug|Any CPU
		{C4A2D18F-40EF-412D-B682-873BAC227758}.Debug|Any CPU.Build.0 = Debug|Any CPU
		{C4A2D18F-40EF-412D-B682-873BAC227758}.Debug|Itanium.ActiveCfg = Debug|x86
		{C4A2D18F-40EF-412D-B682-873BAC227758}.Debug|Itanium.Build.0 = Debug|x86
		{C4A2D18F-40EF-412D-B682-873BAC227758}.Debug|Mixed Platforms.ActiveCfg = Debug|x86
		{C4A2D18F-40EF-412D-B682-873BAC227758}.Debug|Mixed Platforms.Build.0 = Debug|x86
		{C4A2D18F-40EF-412D-B682-873BAC227758}.Debug|x64.ActiveCfg = Debug|x64
		{C4A2D18F-40EF-412D-B682-873BAC227758}.Debug|x64.Build.0 = Debug|x64
		{C4A2D18F-40EF-412D-B682-873BAC227758}.Debug|x86.ActiveCfg = Debug|Any CPU
		{C4A2D18F-40EF-412D-B682-873BAC227758}.Debug|x86.Build.0 = Debug|Any CPU
		{C4A2D18F-40EF-412D-B682-873BAC227758}.Release|Any CPU.ActiveCfg = Release|Any CPU
		{C4A2D18F-40EF-412D-B682-873BAC227758}.Release|Any CPU.Build.0 = Release|Any CPU
		{C4A2D18F-40EF-412D-B682-873BAC227758}.Release|Itanium.ActiveCfg = Release|Itanium
		{C4A2D18F-40EF-412D-B682-873BAC227758}.Release|Itanium.Build.0 = Release|Itanium
		{C4A2D18F-40EF-412D-B682-873BAC227758}.Release|Mixed Platforms.ActiveCfg = Release|Any CPU
		{C4A2D18F-40EF-412D-B682-873BAC227758}.Release|Mixed Platforms.Build.0 = Release|Any CPU
		{C4A2D18F-40EF-412D-B682-873BAC227758}.Release|x64.ActiveCfg = Release|x64
		{C4A2D18F-40EF-412D-B682-873BAC227758}.Release|x64.Build.0 = Release|x64
		{C4A2D18F-40EF-412D-B682-873BAC227758}.Release|x86.ActiveCfg = Release|Any CPU
		{4F2311FC-DD3E-4C05-BE34-BA01409FC013}.Debug|Any CPU.ActiveCfg = Debug|Any CPU
		{4F2311FC-DD3E-4C05-BE34-BA01409FC013}.Debug|Any CPU.Build.0 = Debug|Any CPU
		{4F2311FC-DD3E-4C05-BE34-BA01409FC013}.Debug|Itanium.ActiveCfg = Debug|Any CPU
		{4F2311FC-DD3E-4C05-BE34-BA01409FC013}.Debug|Mixed Platforms.ActiveCfg = Debug|Any CPU
		{4F2311FC-DD3E-4C05-BE34-BA01409FC013}.Debug|Mixed Platforms.Build.0 = Debug|Any CPU
		{4F2311FC-DD3E-4C05-BE34-BA01409FC013}.Debug|x64.ActiveCfg = Debug|Any CPU
		{4F2311FC-DD3E-4C05-BE34-BA01409FC013}.Debug|x86.ActiveCfg = Debug|Any CPU
		{4F2311FC-DD3E-4C05-BE34-BA01409FC013}.Release|Any CPU.ActiveCfg = Release|Any CPU
		{4F2311FC-DD3E-4C05-BE34-BA01409FC013}.Release|Any CPU.Build.0 = Release|Any CPU
		{4F2311FC-DD3E-4C05-BE34-BA01409FC013}.Release|Itanium.ActiveCfg = Release|Any CPU
		{4F2311FC-DD3E-4C05-BE34-BA01409FC013}.Release|Mixed Platforms.ActiveCfg = Release|Any CPU
		{4F2311FC-DD3E-4C05-BE34-BA01409FC013}.Release|Mixed Platforms.Build.0 = Release|Any CPU
		{4F2311FC-DD3E-4C05-BE34-BA01409FC013}.Release|x64.ActiveCfg = Release|Any CPU
		{4F2311FC-DD3E-4C05-BE34-BA01409FC013}.Release|x86.ActiveCfg = Release|Any CPU
		{10137A8C-0FEB-4006-B776-A83907E3F78D}.Debug|Any CPU.ActiveCfg = Debug|Any CPU
		{10137A8C-0FEB-4006-B776-A83907E3F78D}.Debug|Any CPU.Build.0 = Debug|Any CPU
		{10137A8C-0FEB-4006-B776-A83907E3F78D}.Debug|Itanium.ActiveCfg = Debug|Any CPU
		{10137A8C-0FEB-4006-B776-A83907E3F78D}.Debug|Mixed Platforms.ActiveCfg = Debug|Any CPU
		{10137A8C-0FEB-4006-B776-A83907E3F78D}.Debug|Mixed Platforms.Build.0 = Debug|Any CPU
		{10137A8C-0FEB-4006-B776-A83907E3F78D}.Debug|x64.ActiveCfg = Debug|Any CPU
		{10137A8C-0FEB-4006-B776-A83907E3F78D}.Debug|x86.ActiveCfg = Debug|Any CPU
		{10137A8C-0FEB-4006-B776-A83907E3F78D}.Release|Any CPU.ActiveCfg = Release|Any CPU
		{10137A8C-0FEB-4006-B776-A83907E3F78D}.Release|Any CPU.Build.0 = Release|Any CPU
		{10137A8C-0FEB-4006-B776-A83907E3F78D}.Release|Itanium.ActiveCfg = Release|Any CPU
		{10137A8C-0FEB-4006-B776-A83907E3F78D}.Release|Mixed Platforms.ActiveCfg = Release|Any CPU
		{10137A8C-0FEB-4006-B776-A83907E3F78D}.Release|Mixed Platforms.Build.0 = Release|Any CPU
		{10137A8C-0FEB-4006-B776-A83907E3F78D}.Release|x64.ActiveCfg = Release|Any CPU
		{10137A8C-0FEB-4006-B776-A83907E3F78D}.Release|x86.ActiveCfg = Release|Any CPU
		{8CCF2996-2876-4B4A-8CCC-62E224F4CAEC}.Debug|Any CPU.ActiveCfg = Debug|x86
		{8CCF2996-2876-4B4A-8CCC-62E224F4CAEC}.Debug|Itanium.ActiveCfg = Debug|x86
		{8CCF2996-2876-4B4A-8CCC-62E224F4CAEC}.Debug|Mixed Platforms.ActiveCfg = Debug|x86
		{8CCF2996-2876-4B4A-8CCC-62E224F4CAEC}.Debug|Mixed Platforms.Build.0 = Debug|x86
		{8CCF2996-2876-4B4A-8CCC-62E224F4CAEC}.Debug|x64.ActiveCfg = Debug|x86
		{8CCF2996-2876-4B4A-8CCC-62E224F4CAEC}.Debug|x86.ActiveCfg = Debug|x86
		{8CCF2996-2876-4B4A-8CCC-62E224F4CAEC}.Debug|x86.Build.0 = Debug|x86
		{8CCF2996-2876-4B4A-8CCC-62E224F4CAEC}.Release|Any CPU.ActiveCfg = Release|x86
		{8CCF2996-2876-4B4A-8CCC-62E224F4CAEC}.Release|Itanium.ActiveCfg = Release|x86
		{8CCF2996-2876-4B4A-8CCC-62E224F4CAEC}.Release|Mixed Platforms.ActiveCfg = Release|x86
		{8CCF2996-2876-4B4A-8CCC-62E224F4CAEC}.Release|Mixed Platforms.Build.0 = Release|x86
		{8CCF2996-2876-4B4A-8CCC-62E224F4CAEC}.Release|x64.ActiveCfg = Release|x86
		{8CCF2996-2876-4B4A-8CCC-62E224F4CAEC}.Release|x86.ActiveCfg = Release|x86
		{8CCF2996-2876-4B4A-8CCC-62E224F4CAEC}.Release|x86.Build.0 = Release|x86
		{423FBDA3-C0B2-4DA2-9D40-E1918DCF52D4}.Debug|Any CPU.ActiveCfg = Debug|Any CPU
		{423FBDA3-C0B2-4DA2-9D40-E1918DCF52D4}.Debug|Any CPU.Build.0 = Debug|Any CPU
		{423FBDA3-C0B2-4DA2-9D40-E1918DCF52D4}.Debug|Any CPU.Deploy.0 = Debug|Any CPU
		{423FBDA3-C0B2-4DA2-9D40-E1918DCF52D4}.Debug|Itanium.ActiveCfg = Debug|Any CPU
		{423FBDA3-C0B2-4DA2-9D40-E1918DCF52D4}.Debug|Mixed Platforms.ActiveCfg = Debug|Any CPU
		{423FBDA3-C0B2-4DA2-9D40-E1918DCF52D4}.Debug|Mixed Platforms.Build.0 = Debug|Any CPU
		{423FBDA3-C0B2-4DA2-9D40-E1918DCF52D4}.Debug|Mixed Platforms.Deploy.0 = Debug|Any CPU
		{423FBDA3-C0B2-4DA2-9D40-E1918DCF52D4}.Debug|x64.ActiveCfg = Debug|Any CPU
		{423FBDA3-C0B2-4DA2-9D40-E1918DCF52D4}.Debug|x86.ActiveCfg = Debug|Any CPU
		{423FBDA3-C0B2-4DA2-9D40-E1918DCF52D4}.Release|Any CPU.ActiveCfg = Release|Any CPU
		{423FBDA3-C0B2-4DA2-9D40-E1918DCF52D4}.Release|Any CPU.Build.0 = Release|Any CPU
		{423FBDA3-C0B2-4DA2-9D40-E1918DCF52D4}.Release|Any CPU.Deploy.0 = Release|Any CPU
		{423FBDA3-C0B2-4DA2-9D40-E1918DCF52D4}.Release|Itanium.ActiveCfg = Release|Any CPU
		{423FBDA3-C0B2-4DA2-9D40-E1918DCF52D4}.Release|Mixed Platforms.ActiveCfg = Release|Any CPU
		{423FBDA3-C0B2-4DA2-9D40-E1918DCF52D4}.Release|Mixed Platforms.Build.0 = Release|Any CPU
		{423FBDA3-C0B2-4DA2-9D40-E1918DCF52D4}.Release|Mixed Platforms.Deploy.0 = Release|Any CPU
		{423FBDA3-C0B2-4DA2-9D40-E1918DCF52D4}.Release|x64.ActiveCfg = Release|Any CPU
		{423FBDA3-C0B2-4DA2-9D40-E1918DCF52D4}.Release|x86.ActiveCfg = Release|Any CPU
		{F93D73FC-77A8-4CB4-85CC-A4D0DF8F4726}.Debug|Any CPU.ActiveCfg = Debug|Any CPU
		{F93D73FC-77A8-4CB4-85CC-A4D0DF8F4726}.Debug|Any CPU.Build.0 = Debug|Any CPU
		{F93D73FC-77A8-4CB4-85CC-A4D0DF8F4726}.Debug|Itanium.ActiveCfg = Debug|Any CPU
		{F93D73FC-77A8-4CB4-85CC-A4D0DF8F4726}.Debug|Mixed Platforms.ActiveCfg = Debug|Any CPU
		{F93D73FC-77A8-4CB4-85CC-A4D0DF8F4726}.Debug|Mixed Platforms.Build.0 = Debug|Any CPU
		{F93D73FC-77A8-4CB4-85CC-A4D0DF8F4726}.Debug|x64.ActiveCfg = Debug|Any CPU
		{F93D73FC-77A8-4CB4-85CC-A4D0DF8F4726}.Debug|x86.ActiveCfg = Debug|Any CPU
		{F93D73FC-77A8-4CB4-85CC-A4D0DF8F4726}.Release|Any CPU.ActiveCfg = Release|Any CPU
		{F93D73FC-77A8-4CB4-85CC-A4D0DF8F4726}.Release|Any CPU.Build.0 = Release|Any CPU
		{F93D73FC-77A8-4CB4-85CC-A4D0DF8F4726}.Release|Itanium.ActiveCfg = Release|Any CPU
		{F93D73FC-77A8-4CB4-85CC-A4D0DF8F4726}.Release|Mixed Platforms.ActiveCfg = Release|Any CPU
		{F93D73FC-77A8-4CB4-85CC-A4D0DF8F4726}.Release|Mixed Platforms.Build.0 = Release|Any CPU
		{F93D73FC-77A8-4CB4-85CC-A4D0DF8F4726}.Release|x64.ActiveCfg = Release|Any CPU
		{F93D73FC-77A8-4CB4-85CC-A4D0DF8F4726}.Release|x86.ActiveCfg = Release|Any CPU
	EndGlobalSection
	GlobalSection(SolutionProperties) = preSolution
		HideSolutionNode = FALSE
	EndGlobalSection
	GlobalSection(NestedProjects) = preSolution
		{03573069-F769-4D97-A2E3-75BA3EBFBE5B} = {1F4A4AC3-73EE-4F2E-89DD-8BB9C7BFD7D8}
		{23A7E2C2-405F-4B85-99B9-8191F605783E} = {1F4A4AC3-73EE-4F2E-89DD-8BB9C7BFD7D8}
		{E2EE9F62-80C1-40C8-83B2-90174C670BE0} = {1F4A4AC3-73EE-4F2E-89DD-8BB9C7BFD7D8}
		{AA0A6066-D7E2-4232-B582-D303FD56FB2C} = {1F4A4AC3-73EE-4F2E-89DD-8BB9C7BFD7D8}
		{E1175273-AF17-491D-A622-BB1C8B021F9B} = {AA0A6066-D7E2-4232-B582-D303FD56FB2C}
		{8CCF2996-2876-4B4A-8CCC-62E224F4CAEC} = {AA0A6066-D7E2-4232-B582-D303FD56FB2C}
		{E7CB92AC-8983-43B1-A679-20467B2EE5DB} = {AA0A6066-D7E2-4232-B582-D303FD56FB2C}
		{939458C8-1768-48C3-BB7F-CCAAEF6327CC} = {03573069-F769-4D97-A2E3-75BA3EBFBE5B}
		{E00590F0-59B7-47B4-8D13-F46651195D52} = {23A7E2C2-405F-4B85-99B9-8191F605783E}
		{C4A2D18F-40EF-412D-B682-873BAC227758} = {23A7E2C2-405F-4B85-99B9-8191F605783E}
		{4F2311FC-DD3E-4C05-BE34-BA01409FC013} = {23A7E2C2-405F-4B85-99B9-8191F605783E}
		{10137A8C-0FEB-4006-B776-A83907E3F78D} = {23A7E2C2-405F-4B85-99B9-8191F605783E}
		{423FBDA3-C0B2-4DA2-9D40-E1918DCF52D4} = {23A7E2C2-405F-4B85-99B9-8191F605783E}
		{5F064A68-3309-4F03-882F-7E43C3147A27} = {D4AF9EBE-0F04-4182-8F5B-BE4C658143F4}
		{86CD1C13-DE8F-4CEE-B5A9-7D280C8DC380} = {E2EE9F62-80C1-40C8-83B2-90174C670BE0}
		{F93D73FC-77A8-4CB4-85CC-A4D0DF8F4726} = {49275DB3-1A35-48AC-B558-1B5C7D11ABDB}
	EndGlobalSection
EndGlobal
